github.com/hugo-toha/toha/v3 v3.8.1-0.20221226201047-2d432346147b h1:d6k8agx6dqgFgXA90lDTfZjkaGPyRDUpPVY57eW6gXg=
github.com/hugo-toha/toha/v3 v3.8.1-0.20221226201047-2d432346147b/go.mod h1:uytuwgwKGsLkIoNZAVdTT4tQOiJXiL761j2QDOJ0h6M=
github.com/hugo-toha/toha/v3 v3.8.1-0.20221227212851-58ef60dc6534 h1:ynzOuZ0s7Xn7l8jplrfJ2K4uLkkYe9Ys00tEpgS/A0Y=
github.com/hugo-toha/toha/v3 v3.8.1-0.20221227212851-58ef60dc6534/go.mod h1:uytuwgwKGsLkIoNZAVdTT4tQOiJXiL761j2QDOJ0h6M=
